PODS:
  - Alamofire (5.9.1)
  - IQKeyboardManagerSwift (7.0.3)
  - Kingfisher (6.0.1)
  - ObjectMapper (4.4.2)
  - PromiseKit (6.18.1):
    - PromiseKit/CorePromise (= 6.18.1)
    - PromiseKit/Foundation (= 6.18.1)
    - PromiseKit/UIKit (= 6.18.1)
  - PromiseKit/CorePromise (6.18.1)
  - PromiseKit/Foundation (6.18.1):
    - PromiseKit/CorePromise
  - PromiseKit/UIKit (6.18.1):
    - PromiseKit/CorePromise
  - SwiftyJSON (5.0.2)

DEPENDENCIES:
  - Alamofire
  - IQKeyboardManagerSwift
  - Kingfisher (~> 6.0.0)
  - ObjectMapper
  - PromiseKit
  - SwiftyJSON

SPEC REPOS:
  trunk:
    - Alamofire
    - IQKeyboardManagerSwift
    - Kingfisher
    - ObjectMapper
    - PromiseKit
    - SwiftyJSON

SPEC CHECKSUMS:
  Alamofire: f36a35757af4587d8e4f4bfa223ad10be2422b8c
  IQKeyboardManagerSwift: f9c5dc36cba16ddd2e51fa7d51c34a2e083029b5
  Kingfisher: adde87a4f74f6a3845395769354efff593581740
  ObjectMapper: e6e4d91ff7f2861df7aecc536c92d8363f4c9677
  PromiseKit: 49d70c53d5d20e346beaea4b276b5dd2ab446bb4
  SwiftyJSON: f5b1bf1cd8dd53cd25887ac0eabcfd92301c6a5a

PODFILE CHECKSUM: d90255a0f6f4429a7408f541d41aa2b0e0b7d67a

COCOAPODS: 1.15.2
